// !$*UTF8*$!
{
	archiveVersion = 1;
	classes = {
	};
	objectVersion = 46;
	objects = {

/* Begin PBXBuildFile section */
		0416FB381D7D595500C37EE6 /* UIDevice+XJDevice.m in Sources */ = {isa = PBXBuildFile; fileRef = 0416FB371D7D595500C37EE6 /* UIDevice+XJDevice.m */; };
		046560C71D82A4CD00F7D70E /* TBloaderURLConnection.m in Sources */ = {isa = PBXBuildFile; fileRef = 046560C41D82A4CD00F7D70E /* TBloaderURLConnection.m */; };
		046560C81D82A4CD00F7D70E /* TBVideoRequestTask.m in Sources */ = {isa = PBXBuildFile; fileRef = 046560C61D82A4CD00F7D70E /* TBVideoRequestTask.m */; };
		046EB2031D7E56A90038F990 /* XJGestureButton.m in Sources */ = {isa = PBXBuildFile; fileRef = 046EB2021D7E56A90038F990 /* XJGestureButton.m */; };
		047706B81D7965C900222907 /* icon_progress.png in Resources */ = {isa = PBXBuildFile; fileRef = 047706B71D7965C900222907 /* icon_progress.png */; };
		048E4BCD1D7D389000AE8900 /* button_forward@2x.png in Resources */ = {isa = PBXBuildFile; fileRef = 048E4BCC1D7D389000AE8900 /* button_forward@2x.png */; };
		04E191EA1D7822DC00D95AB9 /* main.m in Sources */ = {isa = PBXBuildFile; fileRef = 04E191E91D7822DC00D95AB9 /* main.m */; };
		04E191ED1D7822DC00D95AB9 /* AppDelegate.m in Sources */ = {isa = PBXBuildFile; fileRef = 04E191EC1D7822DC00D95AB9 /* AppDelegate.m */; };
		04E191F01D7822DC00D95AB9 /* ViewController.m in Sources */ = {isa = PBXBuildFile; fileRef = 04E191EF1D7822DC00D95AB9 /* ViewController.m */; };
		04E191F31D7822DC00D95AB9 /* Main.storyboard in Resources */ = {isa = PBXBuildFile; fileRef = 04E191F11D7822DC00D95AB9 /* Main.storyboard */; };
		04E191F51D7822DC00D95AB9 /* Assets.xcassets in Resources */ = {isa = PBXBuildFile; fileRef = 04E191F41D7822DC00D95AB9 /* Assets.xcassets */; };
		04E191F81D7822DC00D95AB9 /* LaunchScreen.storyboard in Resources */ = {isa = PBXBuildFile; fileRef = 04E191F61D7822DC00D95AB9 /* LaunchScreen.storyboard */; };
		04E192031D7822DC00D95AB9 /* XJAVPlayerUITests.m in Sources */ = {isa = PBXBuildFile; fileRef = 04E192021D7822DC00D95AB9 /* XJAVPlayerUITests.m */; };
		04E192181D78262F00D95AB9 /* XJAVPlayer.m in Sources */ = {isa = PBXBuildFile; fileRef = 04E192121D78262F00D95AB9 /* XJAVPlayer.m */; };
		04E192191D78262F00D95AB9 /* SCYLayerAddition.m in Sources */ = {isa = PBXBuildFile; fileRef = 04E192151D78262F00D95AB9 /* SCYLayerAddition.m */; };
		04E1921A1D78262F00D95AB9 /* UIView+SCYCategory.m in Sources */ = {isa = PBXBuildFile; fileRef = 04E192171D78262F00D95AB9 /* UIView+SCYCategory.m */; };
		04E1921E1D78272A00D95AB9 /* pause@2x.png in Resources */ = {isa = PBXBuildFile; fileRef = 04E1921C1D78272A00D95AB9 /* pause@2x.png */; };
		04E1921F1D78272A00D95AB9 /* play@2x.png in Resources */ = {isa = PBXBuildFile; fileRef = 04E1921D1D78272A00D95AB9 /* play@2x.png */; };
		04E192221D782A2100D95AB9 /* big@2x.png in Resources */ = {isa = PBXBuildFile; fileRef = 04E192201D782A2100D95AB9 /* big@2x.png */; };
		04E192231D782A2100D95AB9 /* small@2x.png in Resources */ = {isa = PBXBuildFile; fileRef = 04E192211D782A2100D95AB9 /* small@2x.png */; };
		04ECBE6F1DAB277D00592EDD /* Swift.mp4 in Resources */ = {isa = PBXBuildFile; fileRef = 04ECBE6E1DAB277D00592EDD /* Swift.mp4 */; };
/* End PBXBuildFile section */

/* Begin PBXContainerItemProxy section */
		04E191FF1D7822DC00D95AB9 /* PBXContainerItemProxy */ = {
			isa = PBXContainerItemProxy;
			containerPortal = 04E191DD1D7822DC00D95AB9 /* Project object */;
			proxyType = 1;
			remoteGlobalIDString = 04E191E41D7822DC00D95AB9;
			remoteInfo = XJAVPlayer;
		};
/* End PBXContainerItemProxy section */

/* Begin PBXFileReference section */
		0416FB361D7D595500C37EE6 /* UIDevice+XJDevice.h */ = {isa = PBXFileReference; fileEncoding = 4; lastKnownFileType = sourcecode.c.h; path = "UIDevice+XJDevice.h"; sourceTree = "<group>"; };
		0416FB371D7D595500C37EE6 /* UIDevice+XJDevice.m */ = {isa = PBXFileReference; fileEncoding = 4; lastKnownFileType = sourcecode.c.objc; path = "UIDevice+XJDevice.m"; sourceTree = "<group>"; };
		046560C31D82A4CD00F7D70E /* TBloaderURLConnection.h */ = {isa = PBXFileReference; fileEncoding = 4; lastKnownFileType = sourcecode.c.h; path = TBloaderURLConnection.h; sourceTree = "<group>"; };
		046560C41D82A4CD00F7D70E /* TBloaderURLConnection.m */ = {isa = PBXFileReference; fileEncoding = 4; lastKnownFileType = sourcecode.c.objc; path = TBloaderURLConnection.m; sourceTree = "<group>"; };
		046560C51D82A4CD00F7D70E /* TBVideoRequestTask.h */ = {isa = PBXFileReference; fileEncoding = 4; lastKnownFileType = sourcecode.c.h; path = TBVideoRequestTask.h; sourceTree = "<group>"; };
		046560C61D82A4CD00F7D70E /* TBVideoRequestTask.m */ = {isa = PBXFileReference; fileEncoding = 4; lastKnownFileType = sourcecode.c.objc; path = TBVideoRequestTask.m; sourceTree = "<group>"; };
		046EB2011D7E56A90038F990 /* XJGestureButton.h */ = {isa = PBXFileReference; fileEncoding = 4; lastKnownFileType = sourcecode.c.h; path = XJGestureButton.h; sourceTree = "<group>"; };
		046EB2021D7E56A90038F990 /* XJGestureButton.m */ = {isa = PBXFileReference; fileEncoding = 4; lastKnownFileType = sourcecode.c.objc; path = XJGestureButton.m; sourceTree = "<group>"; };
		047706B71D7965C900222907 /* icon_progress.png */ = {isa = PBXFileReference; lastKnownFileType = image.png; path = icon_progress.png; sourceTree = "<group>"; };
		048E4BCC1D7D389000AE8900 /* button_forward@2x.png */ = {isa = PBXFileReference; lastKnownFileType = image.png; path = "button_forward@2x.png"; sourceTree = "<group>"; };
		04E191E51D7822DC00D95AB9 /* XJAVPlayer.app */ = {isa = PBXFileReference; explicitFileType = wrapper.application; includeInIndex = 0; path = XJAVPlayer.app; sourceTree = BUILT_PRODUCTS_DIR; };
		04E191E91D7822DC00D95AB9 /* main.m */ = {isa = PBXFileReference; lastKnownFileType = sourcecode.c.objc; path = main.m; sourceTree = "<group>"; };
		04E191EB1D7822DC00D95AB9 /* AppDelegate.h */ = {isa = PBXFileReference; lastKnownFileType = sourcecode.c.h; path = AppDelegate.h; sourceTree = "<group>"; };
		04E191EC1D7822DC00D95AB9 /* AppDelegate.m */ = {isa = PBXFileReference; lastKnownFileType = sourcecode.c.objc; path = AppDelegate.m; sourceTree = "<group>"; };
		04E191EE1D7822DC00D95AB9 /* ViewController.h */ = {isa = PBXFileReference; lastKnownFileType = sourcecode.c.h; path = ViewController.h; sourceTree = "<group>"; };
		04E191EF1D7822DC00D95AB9 /* ViewController.m */ = {isa = PBXFileReference; lastKnownFileType = sourcecode.c.objc; path = ViewController.m; sourceTree = "<group>"; };
		04E191F21D7822DC00D95AB9 /* Base */ = {isa = PBXFileReference; lastKnownFileType = file.storyboard; name = Base; path = Base.lproj/Main.storyboard; sourceTree = "<group>"; };
		04E191F41D7822DC00D95AB9 /* Assets.xcassets */ = {isa = PBXFileReference; lastKnownFileType = folder.assetcatalog; path = Assets.xcassets; sourceTree = "<group>"; };
		04E191F71D7822DC00D95AB9 /* Base */ = {isa = PBXFileReference; lastKnownFileType = file.storyboard; name = Base; path = Base.lproj/LaunchScreen.storyboard; sourceTree = "<group>"; };
		04E191F91D7822DC00D95AB9 /* Info.plist */ = {isa = PBXFileReference; lastKnownFileType = text.plist.xml; path = Info.plist; sourceTree = "<group>"; };
		04E191FE1D7822DC00D95AB9 /* XJAVPlayerUITests.xctest */ = {isa = PBXFileReference; explicitFileType = wrapper.cfbundle; includeInIndex = 0; path = XJAVPlayerUITests.xctest; sourceTree = BUILT_PRODUCTS_DIR; };
		04E192021D7822DC00D95AB9 /* XJAVPlayerUITests.m */ = {isa = PBXFileReference; lastKnownFileType = sourcecode.c.objc; path = XJAVPlayerUITests.m; sourceTree = "<group>"; };
		04E192041D7822DC00D95AB9 /* Info.plist */ = {isa = PBXFileReference; lastKnownFileType = text.plist.xml; path = Info.plist; sourceTree = "<group>"; };
		04E192111D78262F00D95AB9 /* XJAVPlayer.h */ = {isa = PBXFileReference; fileEncoding = 4; lastKnownFileType = sourcecode.c.h; path = XJAVPlayer.h; sourceTree = "<group>"; };
		04E192121D78262F00D95AB9 /* XJAVPlayer.m */ = {isa = PBXFileReference; fileEncoding = 4; lastKnownFileType = sourcecode.c.objc; path = XJAVPlayer.m; sourceTree = "<group>"; };
		04E192141D78262F00D95AB9 /* SCYLayerAddition.h */ = {isa = PBXFileReference; fileEncoding = 4; lastKnownFileType = sourcecode.c.h; path = SCYLayerAddition.h; sourceTree = "<group>"; };
		04E192151D78262F00D95AB9 /* SCYLayerAddition.m */ = {isa = PBXFileReference; fileEncoding = 4; lastKnownFileType = sourcecode.c.objc; path = SCYLayerAddition.m; sourceTree = "<group>"; };
		04E192161D78262F00D95AB9 /* UIView+SCYCategory.h */ = {isa = PBXFileReference; fileEncoding = 4; lastKnownFileType = sourcecode.c.h; path = "UIView+SCYCategory.h"; sourceTree = "<group>"; };
		04E192171D78262F00D95AB9 /* UIView+SCYCategory.m */ = {isa = PBXFileReference; fileEncoding = 4; lastKnownFileType = sourcecode.c.objc; path = "UIView+SCYCategory.m"; sourceTree = "<group>"; };
		04E1921C1D78272A00D95AB9 /* pause@2x.png */ = {isa = PBXFileReference; lastKnownFileType = image.png; path = "pause@2x.png"; sourceTree = "<group>"; };
		04E1921D1D78272A00D95AB9 /* play@2x.png */ = {isa = PBXFileReference; lastKnownFileType = image.png; path = "play@2x.png"; sourceTree = "<group>"; };
		04E192201D782A2100D95AB9 /* big@2x.png */ = {isa = PBXFileReference; lastKnownFileType = image.png; path = "big@2x.png"; sourceTree = "<group>"; };
		04E192211D782A2100D95AB9 /* small@2x.png */ = {isa = PBXFileReference; lastKnownFileType = image.png; path = "small@2x.png"; sourceTree = "<group>"; };
		04ECBE6E1DAB277D00592EDD /* Swift.mp4 */ = {isa = PBXFileReference; lastKnownFileType = file; path = Swift.mp4; sourceTree = "<group>"; };
/* End PBXFileReference section */

/* Begin PBXFrameworksBuildPhase section */
		04E191E21D7822DC00D95AB9 /* Frameworks */ = {
			isa = PBXFrameworksBuildPhase;
			buildActionMask = 2147483647;
			files = (
			);
			runOnlyForDeploymentPostprocessing = 0;
		};
		04E191FB1D7822DC00D95AB9 /* Frameworks */ = {
			isa = PBXFrameworksBuildPhase;
			buildActionMask = 2147483647;
			files = (
			);
			runOnlyForDeploymentPostprocessing = 0;
		};
/* End PBXFrameworksBuildPhase section */

/* Begin PBXGroup section */
		0416FB351D7D591200C37EE6 /* 强制旋转 */ = {
			isa = PBXGroup;
			children = (
				0416FB361D7D595500C37EE6 /* UIDevice+XJDevice.h */,
				0416FB371D7D595500C37EE6 /* UIDevice+XJDevice.m */,
			);
			path = "强制旋转";
			sourceTree = "<group>";
		};
		046560C21D82A4CD00F7D70E /* 视屏缓存 */ = {
			isa = PBXGroup;
			children = (
				046560C31D82A4CD00F7D70E /* TBloaderURLConnection.h */,
				046560C41D82A4CD00F7D70E /* TBloaderURLConnection.m */,
				046560C51D82A4CD00F7D70E /* TBVideoRequestTask.h */,
				046560C61D82A4CD00F7D70E /* TBVideoRequestTask.m */,
			);
			path = "视屏缓存";
			sourceTree = "<group>";
		};
		046EB1F41D7E55FF0038F990 /* 手势事件 */ = {
			isa = PBXGroup;
			children = (
				046EB2011D7E56A90038F990 /* XJGestureButton.h */,
				046EB2021D7E56A90038F990 /* XJGestureButton.m */,
			);
			path = "手势事件";
			sourceTree = "<group>";
		};
		04E191DC1D7822DC00D95AB9 = {
			isa = PBXGroup;
			children = (
				04E192101D78262F00D95AB9 /* XJ_love */,
				04E191E71D7822DC00D95AB9 /* XJAVPlayer */,
				04E192011D7822DC00D95AB9 /* XJAVPlayerUITests */,
				04E191E61D7822DC00D95AB9 /* Products */,
			);
			sourceTree = "<group>";
		};
		04E191E61D7822DC00D95AB9 /* Products */ = {
			isa = PBXGroup;
			children = (
				04E191E51D7822DC00D95AB9 /* XJAVPlayer.app */,
				04E191FE1D7822DC00D95AB9 /* XJAVPlayerUITests.xctest */,
			);
			name = Products;
			sourceTree = "<group>";
		};
		04E191E71D7822DC00D95AB9 /* XJAVPlayer */ = {
			isa = PBXGroup;
			children = (
				04E191EB1D7822DC00D95AB9 /* AppDelegate.h */,
				04E191EC1D7822DC00D95AB9 /* AppDelegate.m */,
				04E191EE1D7822DC00D95AB9 /* ViewController.h */,
				04E191EF1D7822DC00D95AB9 /* ViewController.m */,
				04E191F11D7822DC00D95AB9 /* Main.storyboard */,
				04E191F41D7822DC00D95AB9 /* Assets.xcassets */,
				04E191F61D7822DC00D95AB9 /* LaunchScreen.storyboard */,
				04ECBE6E1DAB277D00592EDD /* Swift.mp4 */,
				04E191F91D7822DC00D95AB9 /* Info.plist */,
				04E191E81D7822DC00D95AB9 /* Supporting Files */,
			);
			path = XJAVPlayer;
			sourceTree = "<group>";
		};
		04E191E81D7822DC00D95AB9 /* Supporting Files */ = {
			isa = PBXGroup;
			children = (
				04E191E91D7822DC00D95AB9 /* main.m */,
			);
			name = "Supporting Files";
			sourceTree = "<group>";
		};
		04E192011D7822DC00D95AB9 /* XJAVPlayerUITests */ = {
			isa = PBXGroup;
			children = (
				04E192021D7822DC00D95AB9 /* XJAVPlayerUITests.m */,
				04E192041D7822DC00D95AB9 /* Info.plist */,
			);
			path = XJAVPlayerUITests;
			sourceTree = "<group>";
		};
		04E192101D78262F00D95AB9 /* XJ_love */ = {
			isa = PBXGroup;
			children = (
				04E192111D78262F00D95AB9 /* XJAVPlayer.h */,
				04E192121D78262F00D95AB9 /* XJAVPlayer.m */,
				046560C21D82A4CD00F7D70E /* 视屏缓存 */,
				046EB1F41D7E55FF0038F990 /* 手势事件 */,
				0416FB351D7D591200C37EE6 /* 强制旋转 */,
				04E192131D78262F00D95AB9 /* 适配 */,
				04E1921B1D78272A00D95AB9 /* icon */,
			);
			name = XJ_love;
			path = XJAVPlayer/XJ_love;
			sourceTree = "<group>";
		};
		04E192131D78262F00D95AB9 /* 适配 */ = {
			isa = PBXGroup;
			children = (
				04E192141D78262F00D95AB9 /* SCYLayerAddition.h */,
				04E192151D78262F00D95AB9 /* SCYLayerAddition.m */,
				04E192161D78262F00D95AB9 /* UIView+SCYCategory.h */,
				04E192171D78262F00D95AB9 /* UIView+SCYCategory.m */,
			);
			path = "适配";
			sourceTree = "<group>";
		};
		04E1921B1D78272A00D95AB9 /* icon */ = {
			isa = PBXGroup;
			children = (
				048E4BCC1D7D389000AE8900 /* button_forward@2x.png */,
				047706B71D7965C900222907 /* icon_progress.png */,
				04E192201D782A2100D95AB9 /* big@2x.png */,
				04E192211D782A2100D95AB9 /* small@2x.png */,
				04E1921C1D78272A00D95AB9 /* pause@2x.png */,
				04E1921D1D78272A00D95AB9 /* play@2x.png */,
			);
			path = icon;
			sourceTree = "<group>";
		};
/* End PBXGroup section */

/* Begin PBXNativeTarget section */
		04E191E41D7822DC00D95AB9 /* XJAVPlayer */ = {
			isa = PBXNativeTarget;
			buildConfigurationList = 04E192071D7822DC00D95AB9 /* Build configuration list for PBXNativeTarget "XJAVPlayer" */;
			buildPhases = (
				04E191E11D7822DC00D95AB9 /* Sources */,
				04E191E21D7822DC00D95AB9 /* Frameworks */,
				04E191E31D7822DC00D95AB9 /* Resources */,
			);
			buildRules = (
			);
			dependencies = (
			);
			name = XJAVPlayer;
			productName = XJAVPlayer;
			productReference = 04E191E51D7822DC00D95AB9 /* XJAVPlayer.app */;
			productType = "com.apple.product-type.application";
		};
		04E191FD1D7822DC00D95AB9 /* XJAVPlayerUITests */ = {
			isa = PBXNativeTarget;
			buildConfigurationList = 04E1920A1D7822DC00D95AB9 /* Build configuration list for PBXNativeTarget "XJAVPlayerUITests" */;
			buildPhases = (
				04E191FA1D7822DC00D95AB9 /* Sources */,
				04E191FB1D7822DC00D95AB9 /* Frameworks */,
				04E191FC1D7822DC00D95AB9 /* Resources */,
			);
			buildRules = (
			);
			dependencies = (
				04E192001D7822DC00D95AB9 /* PBXTargetDependency */,
			);
			name = XJAVPlayerUITests;
			productName = XJAVPlayerUITests;
			productReference = 04E191FE1D7822DC00D95AB9 /* XJAVPlayerUITests.xctest */;
			productType = "com.apple.product-type.bundle.ui-testing";
		};
/* End PBXNativeTarget section */

/* Begin PBXProject section */
		04E191DD1D7822DC00D95AB9 /* Project object */ = {
			isa = PBXProject;
			attributes = {
				LastUpgradeCheck = 0720;
				ORGANIZATIONNAME = Xander;
				TargetAttributes = {
					04E191E41D7822DC00D95AB9 = {
						CreatedOnToolsVersion = 7.2;
					};
					04E191FD1D7822DC00D95AB9 = {
						CreatedOnToolsVersion = 7.2;
						TestTargetID = 04E191E41D7822DC00D95AB9;
					};
				};
			};
			buildConfigurationList = 04E191E01D7822DC00D95AB9 /* Build configuration list for PBXProject "XJAVPlayer" */;
			compatibilityVersion = "Xcode 3.2";
			developmentRegion = English;
			hasScannedForEncodings = 0;
			knownRegions = (
				en,
				Base,
			);
			mainGroup = 04E191DC1D7822DC00D95AB9;
			productRefGroup = 04E191E61D7822DC00D95AB9 /* Products */;
			projectDirPath = "";
			projectRoot = "";
			targets = (
				04E191E41D7822DC00D95AB9 /* XJAVPlayer */,
				04E191FD1D7822DC00D95AB9 /* XJAVPlayerUITests */,
			);
		};
/* End PBXProject section */

/* Begin PBXResourcesBuildPhase section */
		04E191E31D7822DC00D95AB9 /* Resources */ = {
			isa = PBXResourcesBuildPhase;
			buildActionMask = 2147483647;
			files = (
				048E4BCD1D7D389000AE8900 /* button_forward@2x.png in Resources */,
				04E192231D782A2100D95AB9 /* small@2x.png in Resources */,
				04E1921F1D78272A00D95AB9 /* play@2x.png in Resources */,
				04E192221D782A2100D95AB9 /* big@2x.png in Resources */,
				04E191F81D7822DC00D95AB9 /* LaunchScreen.storyboard in Resources */,
				04E191F51D7822DC00D95AB9 /* Assets.xcassets in Resources */,
				04E191F31D7822DC00D95AB9 /* Main.storyboard in Resources */,
				04ECBE6F1DAB277D00592EDD /* Swift.mp4 in Resources */,
				047706B81D7965C900222907 /* icon_progress.png in Resources */,
				04E1921E1D78272A00D95AB9 /* pause@2x.png in Resources */,
			);
			runOnlyForDeploymentPostprocessing = 0;
		};
		04E191FC1D7822DC00D95AB9 /* Resources */ = {
			isa = PBXResourcesBuildPhase;
			buildActionMask = 2147483647;
			files = (
			);
			runOnlyForDeploymentPostprocessing = 0;
		};
/* End PBXResourcesBuildPhase section */

/* Begin PBXSourcesBuildPhase section */
		04E191E11D7822DC00D95AB9 /* Sources */ = {
			isa = PBXSourcesBuildPhase;
			buildActionMask = 2147483647;
			files = (
				04E192191D78262F00D95AB9 /* SCYLayerAddition.m in Sources */,
				04E191F01D7822DC00D95AB9 /* ViewController.m in Sources */,
				046560C71D82A4CD00F7D70E /* TBloaderURLConnection.m in Sources */,
				046EB2031D7E56A90038F990 /* XJGestureButton.m in Sources */,
				0416FB381D7D595500C37EE6 /* UIDevice+XJDevice.m in Sources */,
				04E192181D78262F00D95AB9 /* XJAVPlayer.m in Sources */,
				046560C81D82A4CD00F7D70E /* TBVideoRequestTask.m in Sources */,
				04E191ED1D7822DC00D95AB9 /* AppDelegate.m in Sources */,
				04E1921A1D78262F00D95AB9 /* UIView+SCYCategory.m in Sources */,
				04E191EA1D7822DC00D95AB9 /* main.m in Sources */,
			);
			runOnlyForDeploymentPostprocessing = 0;
		};
		04E191FA1D7822DC00D95AB9 /* Sources */ = {
			isa = PBXSourcesBuildPhase;
			buildActionMask = 2147483647;
			files = (
				04E192031D7822DC00D95AB9 /* XJAVPlayerUITests.m in Sources */,
			);
			runOnlyForDeploymentPostprocessing = 0;
		};
/* End PBXSourcesBuildPhase section */

/* Begin PBXTargetDependency section */
		04E192001D7822DC00D95AB9 /* PBXTargetDependency */ = {
			isa = PBXTargetDependency;
			target = 04E191E41D7822DC00D95AB9 /* XJAVPlayer */;
			targetProxy = 04E191FF1D7822DC00D95AB9 /* PBXContainerItemProxy */;
		};
/* End PBXTargetDependency section */

/* Begin PBXVariantGroup section */
		04E191F11D7822DC00D95AB9 /* Main.storyboard */ = {
			isa = PBXVariantGroup;
			children = (
				04E191F21D7822DC00D95AB9 /* Base */,
			);
			name = Main.storyboard;
			sourceTree = "<group>";
		};
		04E191F61D7822DC00D95AB9 /* LaunchScreen.storyboard */ = {
			isa = PBXVariantGroup;
			children = (
				04E191F71D7822DC00D95AB9 /* Base */,
			);
			name = LaunchScreen.storyboard;
			sourceTree = "<group>";
		};
/* End PBXVariantGroup section */

/* Begin XCBuildConfiguration section */
		04E192051D7822DC00D95AB9 /* Debug */ = {
			isa = XCBuildConfiguration;
			buildSettings = {
				ALWAYS_SEARCH_USER_PATHS = NO;
				CLANG_CXX_LANGUAGE_STANDARD = "gnu++0x";
				CLANG_CXX_LIBRARY = "libc++";
				CLANG_ENABLE_MODULES = YES;
				CLANG_ENABLE_OBJC_ARC = YES;
				CLANG_WARN_BOOL_CONVERSION = YES;
				CLANG_WARN_CONSTANT_CONVERSION = YES;
				CLANG_WARN_DIRECT_OBJC_ISA_USAGE = YES_ERROR;
				CLANG_WARN_EMPTY_BODY = YES;
				CLANG_WARN_ENUM_CONVERSION = YES;
				CLANG_WARN_INT_CONVERSION = YES;
				CLANG_WARN_OBJC_ROOT_CLASS = YES_ERROR;
				CLANG_WARN_UNREACHABLE_CODE = YES;
				CLANG_WARN__DUPLICATE_METHOD_MATCH = YES;
				"CODE_SIGN_IDENTITY[sdk=iphoneos*]" = "iPhone Developer";
				COPY_PHASE_STRIP = NO;
				DEBUG_INFORMATION_FORMAT = dwarf;
				ENABLE_STRICT_OBJC_MSGSEND = YES;
				ENABLE_TESTABILITY = YES;
				GCC_C_LANGUAGE_STANDARD = gnu99;
				GCC_DYNAMIC_NO_PIC = NO;
				GCC_NO_COMMON_BLOCKS = YES;
				GCC_OPTIMIZATION_LEVEL = 0;
				GCC_PREPROCESSOR_DEFINITIONS = (
					"DEBUG=1",
					"$(inherited)",
				);
				GCC_WARN_64_TO_32_BIT_CONVERSION = YES;
				GCC_WARN_ABOUT_RETURN_TYPE = YES_ERROR;
				GCC_WARN_UNDECLARED_SELECTOR = YES;
				GCC_WARN_UNINITIALIZED_AUTOS = YES_AGGRESSIVE;
				GCC_WARN_UNUSED_FUNCTION = YES;
				GCC_WARN_UNUSED_VARIABLE = YES;
				IPHONEOS_DEPLOYMENT_TARGET = 9.2;
				MTL_ENABLE_DEBUG_INFO = YES;
				ONLY_ACTIVE_ARCH = YES;
				SDKROOT = iphoneos;
			};
			name = Debug;
		};
		04E192061D7822DC00D95AB9 /* Release */ = {
			isa = XCBuildConfiguration;
			buildSettings = {
				ALWAYS_SEARCH_USER_PATHS = NO;
				CLANG_CXX_LANGUAGE_STANDARD = "gnu++0x";
				CLANG_CXX_LIBRARY = "libc++";
				CLANG_ENABLE_MODULES = YES;
				CLANG_ENABLE_OBJC_ARC = YES;
				CLANG_WARN_BOOL_CONVERSION = YES;
				CLANG_WARN_CONSTANT_CONVERSION = YES;
				CLANG_WARN_DIRECT_OBJC_ISA_USAGE = YES_ERROR;
				CLANG_WARN_EMPTY_BODY = YES;
				CLANG_WARN_ENUM_CONVERSION = YES;
				CLANG_WARN_INT_CONVERSION = YES;
				CLANG_WARN_OBJC_ROOT_CLASS = YES_ERROR;
				CLANG_WARN_UNREACHABLE_CODE = YES;
				CLANG_WARN__DUPLICATE_METHOD_MATCH = YES;
				"CODE_SIGN_IDENTITY[sdk=iphoneos*]" = "iPhone Developer";
				COPY_PHASE_STRIP = NO;
				DEBUG_INFORMATION_FORMAT = "dwarf-with-dsym";
				ENABLE_NS_ASSERTIONS = NO;
				ENABLE_STRICT_OBJC_MSGSEND = YES;
				GCC_C_LANGUAGE_STANDARD = gnu99;
				GCC_NO_COMMON_BLOCKS = YES;
				GCC_WARN_64_TO_32_BIT_CONVERSION = YES;
				GCC_WARN_ABOUT_RETURN_TYPE = YES_ERROR;
				GCC_WARN_UNDECLARED_SELECTOR = YES;
				GCC_WARN_UNINITIALIZED_AUTOS = YES_AGGRESSIVE;
				GCC_WARN_UNUSED_FUNCTION = YES;
				GCC_WARN_UNUSED_VARIABLE = YES;
				IPHONEOS_DEPLOYMENT_TARGET = 9.2;
				MTL_ENABLE_DEBUG_INFO = NO;
				SDKROOT = iphoneos;
				VALIDATE_PRODUCT = YES;
			};
			name = Release;
		};
		04E192081D7822DC00D95AB9 /* Debug */ = {
			isa = XCBuildConfiguration;
			buildSettings = {
				ASSETCATALOG_COMPILER_APPICON_NAME = AppIcon;
				INFOPLIST_FILE = XJAVPlayer/Info.plist;
				IPHONEOS_DEPLOYMENT_TARGET = 8.0;
				LD_RUNPATH_SEARCH_PATHS = "$(inherited) @executable_path/Frameworks";
				PRODUCT_BUNDLE_IDENTIFIER = com.xiejun.XJAVPlayer;
				PRODUCT_NAME = "$(TARGET_NAME)";
			};
			name = Debug;
		};
		04E192091D7822DC00D95AB9 /* Release */ = {
			isa = XCBuildConfiguration;
			buildSettings = {
				ASSETCATALOG_COMPILER_APPICON_NAME = AppIcon;
				INFOPLIST_FILE = XJAVPlayer/Info.plist;
				IPHONEOS_DEPLOYMENT_TARGET = 8.0;
				LD_RUNPATH_SEARCH_PATHS = "$(inherited) @executable_path/Frameworks";
				PRODUCT_BUNDLE_IDENTIFIER = com.xiejun.XJAVPlayer;
				PRODUCT_NAME = "$(TARGET_NAME)";
			};
			name = Release;
		};
		04E1920B1D7822DC00D95AB9 /* Debug */ = {
			isa = XCBuildConfiguration;
			buildSettings = {
				INFOPLIST_FILE = XJAVPlayerUITests/Info.plist;
				LD_RUNPATH_SEARCH_PATHS = "$(inherited) @executable_path/Frameworks @loader_path/Frameworks";
				PRODUCT_BUNDLE_IDENTIFIER = com.xiejun.XJAVPlayerUITests;
				PRODUCT_NAME = "$(TARGET_NAME)";
				TEST_TARGET_NAME = XJAVPlayer;
				USES_XCTRUNNER = YES;
			};
			name = Debug;
		};
		04E1920C1D7822DC00D95AB9 /* Release */ = {
			isa = XCBuildConfiguration;
			buildSettings = {
				INFOPLIST_FILE = XJAVPlayerUITests/Info.plist;
				LD_RUNPATH_SEARCH_PATHS = "$(inherited) @executable_path/Frameworks @loader_path/Frameworks";
				PRODUCT_BUNDLE_IDENTIFIER = com.xiejun.XJAVPlayerUITests;
				PRODUCT_NAME = "$(TARGET_NAME)";
				TEST_TARGET_NAME = XJAVPlayer;
				USES_XCTRUNNER = YES;
			};
			name = Release;
		};
/* End XCBuildConfiguration section */

/* Begin XCConfigurationList section */
		04E191E01D7822DC00D95AB9 /* Build configuration list for PBXProject "XJAVPlayer" */ = {
			isa = XCConfigurationList;
			buildConfigurations = (
				04E192051D7822DC00D95AB9 /* Debug */,
				04E192061D7822DC00D95AB9 /* Release */,
			);
			defaultConfigurationIsVisible = 0;
			defaultConfigurationName = Release;
		};
		04E192071D7822DC00D95AB9 /* Build configuration list for PBXNativeTarget "XJAVPlayer" */ = {
			isa = XCConfigurationList;
			buildConfigurations = (
				04E192081D7822DC00D95AB9 /* Debug */,
				04E192091D7822DC00D95AB9 /* Release */,
			);
			defaultConfigurationIsVisible = 0;
			defaultConfigurationName = Release;
		};
		04E1920A1D7822DC00D95AB9 /* Build configuration list for PBXNativeTarget "XJAVPlayerUITests" */ = {
			isa = XCConfigurationList;
			buildConfigurations = (
				04E1920B1D7822DC00D95AB9 /* Debug */,
				04E1920C1D7822DC00D95AB9 /* Release */,
			);
			defaultConfigurationIsVisible = 0;
			defaultConfigurationName = Release;
		};
/* End XCConfigurationList section */
	};
	rootObject = 04E191DD1D7822DC00D95AB9 /* Project object */;
}
